// !$*UTF8*$!
{
	archiveVersion = 1;
	classes = {
	};
	objectVersion = 56;
	objects = {

/* Begin PBXBuildFile section */
		AF58C2EF2BD7A36B00B8EC2E /* AppDelegate.swift in Sources */ = {isa = PBXBuildFile; fileRef = AF58C2EE2BD7A36B00B8EC2E /* AppDelegate.swift */; };
		AF58C2F12BD7A36B00B8EC2E /* SceneDelegate.swift in Sources */ = {isa = PBXBuildFile; fileRef = AF58C2F02BD7A36B00B8EC2E /* SceneDelegate.swift */; };
		AF58C2F32BD7A36B00B8EC2E /* ViewController.swift in Sources */ = {isa = PBXBuildFile; fileRef = AF58C2F22BD7A36B00B8EC2E /* ViewController.swift */; };
		AF58C2F62BD7A36B00B8EC2E /* Base in Resources */ = {isa = PBXBuildFile; fileRef = AF58C2F52BD7A36B00B8EC2E /* Base */; };
		AF58C2F82BD7A36C00B8EC2E /* Assets.xcassets in Resources */ = {isa = PBXBuildFile; fileRef = AF58C2F72BD7A36C00B8EC2E /* Assets.xcassets */; };
		AF58C2FB2BD7A36C00B8EC2E /* Base in Resources */ = {isa = PBXBuildFile; fileRef = AF58C2FA2BD7A36C00B8EC2E /* Base */; };
		AF58C3062BD7A36D00B8EC2E /* TicTacToeTests.swift in Sources */ = {isa = PBXBuildFile; fileRef = AF58C3052BD7A36D00B8EC2E /* TicTacToeTests.swift */; };
		AF58C3102BD7A36D00B8EC2E /* TicTacToeUITests.swift in Sources */ = {isa = PBXBuildFile; fileRef = AF58C30F2BD7A36D00B8EC2E /* TicTacToeUITests.swift */; };
		AF58C3122BD7A36D00B8EC2E /* TicTacToeUITestsLaunchTests.swift in Sources */ = {isa = PBXBuildFile; fileRef = AF58C3112BD7A36D00B8EC2E /* TicTacToeUITestsLaunchTests.swift */; };
/* End PBXBuildFile section */

/* Begin PBXContainerItemProxy section */
		AF58C3022BD7A36D00B8EC2E /* PBXContainerItemProxy */ = {
			isa = PBXContainerItemProxy;
			containerPortal = AF58C2E32BD7A36B00B8EC2E /* Project object */;
			proxyType = 1;
			remoteGlobalIDString = AF58C2EA2BD7A36B00B8EC2E;
			remoteInfo = TicTacToe;
		};
		AF58C30C2BD7A36D00B8EC2E /* PBXContainerItemProxy */ = {
			isa = PBXContainerItemProxy;
			containerPortal = AF58C2E32BD7A36B00B8EC2E /* Project object */;
			proxyType = 1;
			remoteGlobalIDString = AF58C2EA2BD7A36B00B8EC2E;
			remoteInfo = TicTacToe;
		};
/* End PBXContainerItemProxy section */

/* Begin PBXFileReference section */
		AF58C2EB2BD7A36B00B8EC2E /* TicTacToe.app */ = {isa = PBXFileReference; explicitFileType = wrapper.application; includeInIndex = 0; path = TicTacToe.app; sourceTree = BUILT_PRODUCTS_DIR; };
		AF58C2EE2BD7A36B00B8EC2E /* AppDelegate.swift */ = {isa = PBXFileReference; lastKnownFileType = sourcecode.swift; path = AppDelegate.swift; sourceTree = "<group>"; };
		AF58C2F02BD7A36B00B8EC2E /* SceneDelegate.swift */ = {isa = PBXFileReference; lastKnownFileType = sourcecode.swift; path = SceneDelegate.swift; sourceTree = "<group>"; };
		AF58C2F22BD7A36B00B8EC2E /* ViewController.swift */ = {isa = PBXFileReference; lastKnownFileType = sourcecode.swift; path = ViewController.swift; sourceTree = "<group>"; };
		AF58C2F52BD7A36B00B8EC2E /* Base */ = {isa = PBXFileReference; lastKnownFileType = file.storyboard; name = Base; path = Base.lproj/Main.storyboard; sourceTree = "<group>"; };
		AF58C2F72BD7A36C00B8EC2E /* Assets.xcassets */ = {isa = PBXFileReference; lastKnownFileType = folder.assetcatalog; path = Assets.xcassets; sourceTree = "<group>"; };
		AF58C2FA2BD7A36C00B8EC2E /* Base */ = {isa = PBXFileReference; lastKnownFileType = file.storyboard; name = Base; path = Base.lproj/LaunchScreen.storyboard; sourceTree = "<group>"; };
		AF58C2FC2BD7A36C00B8EC2E /* Info.plist */ = {isa = PBXFileReference; lastKnownFileType = text.plist.xml; path = Info.plist; sourceTree = "<group>"; };
		AF58C3012BD7A36D00B8EC2E /* TicTacToeTests.xctest */ = {isa = PBXFileReference; explicitFileType = wrapper.cfbundle; includeInIndex = 0; path = TicTacToeTests.xctest; sourceTree = BUILT_PRODUCTS_DIR; };
		AF58C3052BD7A36D00B8EC2E /* TicTacToeTests.swift */ = {isa = PBXFileReference; lastKnownFileType = sourcecode.swift; path = TicTacToeTests.swift; sourceTree = "<group>"; };
		AF58C30B2BD7A36D00B8EC2E /* TicTacToeUITests.xctest */ = {isa = PBXFileReference; explicitFileType = wrapper.cfbundle; includeInIndex = 0; path = TicTacToeUITests.xctest; sourceTree = BUILT_PRODUCTS_DIR; };
		AF58C30F2BD7A36D00B8EC2E /* TicTacToeUITests.swift */ = {isa = PBXFileReference; lastKnownFileType = sourcecode.swift; path = TicTacToeUITests.swift; sourceTree = "<group>"; };
		AF58C3112BD7A36D00B8EC2E /* TicTacToeUITestsLaunchTests.swift */ = {isa = PBXFileReference; lastKnownFileType = sourcecode.swift; path = TicTacToeUITestsLaunchTests.swift; sourceTree = "<group>"; };
/* End PBXFileReference section */

/* Begin PBXFrameworksBuildPhase section */
		AF58C2E82BD7A36B00B8EC2E /* Frameworks */ = {
			isa = PBXFrameworksBuildPhase;
			buildActionMask = 2147483647;
			files = (
			);
			runOnlyForDeploymentPostprocessing = 0;
		};
		AF58C2FE2BD7A36D00B8EC2E /* Frameworks */ = {
			isa = PBXFrameworksBuildPhase;
			buildActionMask = 2147483647;
			files = (
			);
			runOnlyForDeploymentPostprocessing = 0;
		};
		AF58C3082BD7A36D00B8EC2E /* Frameworks */ = {
			isa = PBXFrameworksBuildPhase;
			buildActionMask = 2147483647;
			files = (
			);
			runOnlyForDeploymentPostprocessing = 0;
		};
/* End PBXFrameworksBuildPhase section */

/* Begin PBXGroup section */
		AF58C2E22BD7A36B00B8EC2E = {
			isa = PBXGroup;
			children = (
				AF58C2ED2BD7A36B00B8EC2E /* TicTacToe */,
				AF58C3042BD7A36D00B8EC2E /* TicTacToeTests */,
				AF58C30E2BD7A36D00B8EC2E /* TicTacToeUITests */,
				AF58C2EC2BD7A36B00B8EC2E /* Products */,
			);
			sourceTree = "<group>";
		};
		AF58C2EC2BD7A36B00B8EC2E /* Products */ = {
			isa = PBXGroup;
			children = (
				AF58C2EB2BD7A36B00B8EC2E /* TicTacToe.app */,
				AF58C3012BD7A36D00B8EC2E /* TicTacToeTests.xctest */,
				AF58C30B2BD7A36D00B8EC2E /* TicTacToeUITests.xctest */,
			);
			name = Products;
			sourceTree = "<group>";
		};
		AF58C2ED2BD7A36B00B8EC2E /* TicTacToe */ = {
			isa = PBXGroup;
			children = (
				AF58C2EE2BD7A36B00B8EC2E /* AppDelegate.swift */,
				AF58C2F02BD7A36B00B8EC2E /* SceneDelegate.swift */,
				AF58C2F22BD7A36B00B8EC2E /* ViewController.swift */,
				AF58C2F42BD7A36B00B8EC2E /* Main.storyboard */,
				AF58C2F72BD7A36C00B8EC2E /* Assets.xcassets */,
				AF58C2F92BD7A36C00B8EC2E /* LaunchScreen.storyboard */,
				AF58C2FC2BD7A36C00B8EC2E /* Info.plist */,
			);
			path = TicTacToe;
			sourceTree = "<group>";
		};
		AF58C3042BD7A36D00B8EC2E /* TicTacToeTests */ = {
			isa = PBXGroup;
			children = (
				AF58C3052BD7A36D00B8EC2E /* TicTacToeTests.swift */,
			);
			path = TicTacToeTests;
			sourceTree = "<group>";
		};
		AF58C30E2BD7A36D00B8EC2E /* TicTacToeUITests */ = {
			isa = PBXGroup;
			children = (
				AF58C30F2BD7A36D00B8EC2E /* TicTacToeUITests.swift */,
				AF58C3112BD7A36D00B8EC2E /* TicTacToeUITestsLaunchTests.swift */,
			);
			path = TicTacToeUITests;
			sourceTree = "<group>";
		};
/* End PBXGroup section */

/* Begin PBXNativeTarget section */
		AF58C2EA2BD7A36B00B8EC2E /* TicTacToe */ = {
			isa = PBXNativeTarget;
			buildConfigurationList = AF58C3152BD7A36D00B8EC2E /* Build configuration list for PBXNativeTarget "TicTacToe" */;
			buildPhases = (
				AF58C2E72BD7A36B00B8EC2E /* Sources */,
				AF58C2E82BD7A36B00B8EC2E /* Frameworks */,
				AF58C2E92BD7A36B00B8EC2E /* Resources */,
			);
			buildRules = (
			);
			dependencies = (
			);
			name = TicTacToe;
			productName = TicTacToe;
			productReference = AF58C2EB2BD7A36B00B8EC2E /* TicTacToe.app */;
			productType = "com.apple.product-type.application";
		};
		AF58C3002BD7A36D00B8EC2E /* TicTacToeTests */ = {
			isa = PBXNativeTarget;
			buildConfigurationList = AF58C3182BD7A36D00B8EC2E /* Build configuration list for PBXNativeTarget "TicTacToeTests" */;
			buildPhases = (
				AF58C2FD2BD7A36D00B8EC2E /* Sources */,
				AF58C2FE2BD7A36D00B8EC2E /* Frameworks */,
				AF58C2FF2BD7A36D00B8EC2E /* Resources */,
			);
			buildRules = (
			);
			dependencies = (
				AF58C3032BD7A36D00B8EC2E /* PBXTargetDependency */,
			);
			name = TicTacToeTests;
			productName = TicTacToeTests;
			productReference = AF58C3012BD7A36D00B8EC2E /* TicTacToeTests.xctest */;
			productType = "com.apple.product-type.bundle.unit-test";
		};
		AF58C30A2BD7A36D00B8EC2E /* TicTacToeUITests */ = {
			isa = PBXNativeTarget;
			buildConfigurationList = AF58C31B2BD7A36D00B8EC2E /* Build configuration list for PBXNativeTarget "TicTacToeUITests" */;
			buildPhases = (
				AF58C3072BD7A36D00B8EC2E /* Sources */,
				AF58C3082BD7A36D00B8EC2E /* Frameworks */,
				AF58C3092BD7A36D00B8EC2E /* Resources */,
			);
			buildRules = (
			);
			dependencies = (
				AF58C30D2BD7A36D00B8EC2E /* PBXTargetDependency */,
			);
			name = TicTacToeUITests;
			productName = TicTacToeUITests;
			productReference = AF58C30B2BD7A36D00B8EC2E /* TicTacToeUITests.xctest */;
			productType = "com.apple.product-type.bundle.ui-testing";
		};
/* End PBXNativeTarget section */

/* Begin PBXProject section */
		AF58C2E32BD7A36B00B8EC2E /* Project object */ = {
			isa = PBXProject;
			attributes = {
				BuildIndependentTargetsInParallel = 1;
				LastSwiftUpdateCheck = 1530;
				LastUpgradeCheck = 1530;
				TargetAttributes = {
					AF58C2EA2BD7A36B00B8EC2E = {
						CreatedOnToolsVersion = 15.3;
					};
					AF58C3002BD7A36D00B8EC2E = {
						CreatedOnToolsVersion = 15.3;
						TestTargetID = AF58C2EA2BD7A36B00B8EC2E;
					};
					AF58C30A2BD7A36D00B8EC2E = {
						CreatedOnToolsVersion = 15.3;
						TestTargetID = AF58C2EA2BD7A36B00B8EC2E;
					};
				};
			};
			buildConfigurationList = AF58C2E62BD7A36B00B8EC2E /* Build configuration list for PBXProject "TicTacToe" */;
			compatibilityVersion = "Xcode 14.0";
			developmentRegion = en;
			hasScannedForEncodings = 0;
			knownRegions = (
				en,
				Base,
			);
			mainGroup = AF58C2E22BD7A36B00B8EC2E;
			productRefGroup = AF58C2EC2BD7A36B00B8EC2E /* Products */;
			projectDirPath = "";
			projectRoot = "";
			targets = (
				AF58C2EA2BD7A36B00B8EC2E /* TicTacToe */,
				AF58C3002BD7A36D00B8EC2E /* TicTacToeTests */,
				AF58C30A2BD7A36D00B8EC2E /* TicTacToeUITests */,
			);
		};
/* End PBXProject section */

/* Begin PBXResourcesBuildPhase section */
		AF58C2E92BD7A36B00B8EC2E /* Resources */ = {
			isa = PBXResourcesBuildPhase;
			buildActionMask = 2147483647;
			files = (
				AF58C2F82BD7A36C00B8EC2E /* Assets.xcassets in Resources */,
				AF58C2FB2BD7A36C00B8EC2E /* Base in Resources */,
				AF58C2F62BD7A36B00B8EC2E /* Base in Resources */,
			);
			runOnlyForDeploymentPostprocessing = 0;
		};
		AF58C2FF2BD7A36D00B8EC2E /* Resources */ = {
			isa = PBXResourcesBuildPhase;
			buildActionMask = 2147483647;
			files = (
			);
			runOnlyForDeploymentPostprocessing = 0;
		};
		AF58C3092BD7A36D00B8EC2E /* Resources */ = {
			isa = PBXResourcesBuildPhase;
			buildActionMask = 2147483647;
			files = (
			);
			runOnlyForDeploymentPostprocessing = 0;
		};
/* End PBXResourcesBuildPhase section */

/* Begin PBXSourcesBuildPhase section */
		AF58C2E72BD7A36B00B8EC2E /* Sources */ = {
			isa = PBXSourcesBuildPhase;
			buildActionMask = 2147483647;
			files = (
				AF58C2F32BD7A36B00B8EC2E /* ViewController.swift in Sources */,
				AF58C2EF2BD7A36B00B8EC2E /* AppDelegate.swift in Sources */,
				AF58C2F12BD7A36B00B8EC2E /* SceneDelegate.swift in Sources */,
			);
			runOnlyForDeploymentPostprocessing = 0;
		};
		AF58C2FD2BD7A36D00B8EC2E /* Sources */ = {
			isa = PBXSourcesBuildPhase;
			buildActionMask = 2147483647;
			files = (
				AF58C3062BD7A36D00B8EC2E /* TicTacToeTests.swift in Sources */,
			);
			runOnlyForDeploymentPostprocessing = 0;
		};
		AF58C3072BD7A36D00B8EC2E /* Sources */ = {
			isa = PBXSourcesBuildPhase;
			buildActionMask = 2147483647;
			files = (
				AF58C3102BD7A36D00B8EC2E /* TicTacToeUITests.swift in Sources */,
				AF58C3122BD7A36D00B8EC2E /* TicTacToeUITestsLaunchTests.swift in Sources */,
			);
			runOnlyForDeploymentPostprocessing = 0;
		};
/* End PBXSourcesBuildPhase section */

/* Begin PBXTargetDependency section */
		AF58C3032BD7A36D00B8EC2E /* PBXTargetDependency */ = {
			isa = PBXTargetDependency;
			target = AF58C2EA2BD7A36B00B8EC2E /* TicTacToe */;
			targetProxy = AF58C3022BD7A36D00B8EC2E /* PBXContainerItemProxy */;
		};
		AF58C30D2BD7A36D00B8EC2E /* PBXTargetDependency */ = {
			isa = PBXTargetDependency;
			target = AF58C2EA2BD7A36B00B8EC2E /* TicTacToe */;
			targetProxy = AF58C30C2BD7A36D00B8EC2E /* PBXContainerItemProxy */;
		};
/* End PBXTargetDependency section */

/* Begin PBXVariantGroup section */
		AF58C2F42BD7A36B00B8EC2E /* Main.storyboard */ = {
			isa = PBXVariantGroup;
			children = (
				AF58C2F52BD7A36B00B8EC2E /* Base */,
			);
			name = Main.storyboard;
			sourceTree = "<group>";
		};
		AF58C2F92BD7A36C00B8EC2E /* LaunchScreen.storyboard */ = {
			isa = PBXVariantGroup;
			children = (
				AF58C2FA2BD7A36C00B8EC2E /* Base */,
			);
			name = LaunchScreen.storyboard;
			sourceTree = "<group>";
		};
/* End PBXVariantGroup section */

/* Begin XCBuildConfiguration section */
		AF58C3132BD7A36D00B8EC2E /* Debug */ = {
			isa = XCBuildConfiguration;
			buildSettings = {
				ALWAYS_SEARCH_USER_PATHS = NO;
				ASSETCATALOG_COMPILER_GENERATE_SWIFT_ASSET_SYMBOL_EXTENSIONS = YES;
				CLANG_ANALYZER_NONNULL = YES;
				CLANG_ANALYZER_NUMBER_OBJECT_CONVERSION = YES_AGGRESSIVE;
				CLANG_CXX_LANGUAGE_STANDARD = "gnu++20";
				CLANG_ENABLE_MODULES = YES;
				CLANG_ENABLE_OBJC_ARC = YES;
				CLANG_ENABLE_OBJC_WEAK = YES;
				CLANG_WARN_BLOCK_CAPTURE_AUTORELEASING = YES;
				CLANG_WARN_BOOL_CONVERSION = YES;
				CLANG_WARN_COMMA = YES;
				CLANG_WARN_CONSTANT_CONVERSION = YES;
				CLANG_WARN_DEPRECATED_OBJC_IMPLEMENTATIONS = YES;
				CLANG_WARN_DIRECT_OBJC_ISA_USAGE = YES_ERROR;
				CLANG_WARN_DOCUMENTATION_COMMENTS = YES;
				CLANG_WARN_EMPTY_BODY = YES;
				CLANG_WARN_ENUM_CONVERSION = YES;
				CLANG_WARN_INFINITE_RECURSION = YES;
				CLANG_WARN_INT_CONVERSION = YES;
				CLANG_WARN_NON_LITERAL_NULL_CONVERSION = YES;
				CLANG_WARN_OBJC_IMPLICIT_RETAIN_SELF = YES;
				CLANG_WARN_OBJC_LITERAL_CONVERSION = YES;
				CLANG_WARN_OBJC_ROOT_CLASS = YES_ERROR;
				CLANG_WARN_QUOTED_INCLUDE_IN_FRAMEWORK_HEADER = YES;
				CLANG_WARN_RANGE_LOOP_ANALYSIS = YES;
				CLANG_WARN_STRICT_PROTOTYPES = YES;
				CLANG_WARN_SUSPICIOUS_MOVE = YES;
				CLANG_WARN_UNGUARDED_AVAILABILITY = YES_AGGRESSIVE;
				CLANG_WARN_UNREACHABLE_CODE = YES;
				CLANG_WARN__DUPLICATE_METHOD_MATCH = YES;
				COPY_PHASE_STRIP = NO;
				DEBUG_INFORMATION_FORMAT = dwarf;
				ENABLE_STRICT_OBJC_MSGSEND = YES;
				ENABLE_TESTABILITY = YES;
				ENABLE_USER_SCRIPT_SANDBOXING = YES;
				GCC_C_LANGUAGE_STANDARD = gnu17;
				GCC_DYNAMIC_NO_PIC = NO;
				GCC_NO_COMMON_BLOCKS = YES;
				GCC_OPTIMIZATION_LEVEL = 0;
				GCC_PREPROCESSOR_DEFINITIONS = (
					"DEBUG=1",
					"$(inherited)",
				);
				GCC_WARN_64_TO_32_BIT_CONVERSION = YES;
				GCC_WARN_ABOUT_RETURN_TYPE = YES_ERROR;
				GCC_WARN_UNDECLARED_SELECTOR = YES;
				GCC_WARN_UNINITIALIZED_AUTOS = YES_AGGRESSIVE;
				GCC_WARN_UNUSED_FUNCTION = YES;
				GCC_WARN_UNUSED_VARIABLE = YES;
				IPHONEOS_DEPLOYMENT_TARGET = 17.4;
				LOCALIZATION_PREFERS_STRING_CATALOGS = YES;
				MTL_ENABLE_DEBUG_INFO = INCLUDE_SOURCE;
				MTL_FAST_MATH = YES;
				ONLY_ACTIVE_ARCH = YES;
				SDKROOT = iphoneos;
				SWIFT_ACTIVE_COMPILATION_CONDITIONS = "DEBUG $(inherited)";
				SWIFT_OPTIMIZATION_LEVEL = "-Onone";
			};
			name = Debug;
		};
		AF58C3142BD7A36D00B8EC2E /* Release */ = {
			isa = XCBuildConfiguration;
			buildSettings = {
				ALWAYS_SEARCH_USER_PATHS = NO;
				ASSETCATALOG_COMPILER_GENERATE_SWIFT_ASSET_SYMBOL_EXTENSIONS = YES;
				CLANG_ANALYZER_NONNULL = YES;
				CLANG_ANALYZER_NUMBER_OBJECT_CONVERSION = YES_AGGRESSIVE;
				CLANG_CXX_LANGUAGE_STANDARD = "gnu++20";
				CLANG_ENABLE_MODULES = YES;
				CLANG_ENABLE_OBJC_ARC = YES;
				CLANG_ENABLE_OBJC_WEAK = YES;
				CLANG_WARN_BLOCK_CAPTURE_AUTORELEASING = YES;
				CLANG_WARN_BOOL_CONVERSION = YES;
				CLANG_WARN_COMMA = YES;
				CLANG_WARN_CONSTANT_CONVERSION = YES;
				CLANG_WARN_DEPRECATED_OBJC_IMPLEMENTATIONS = YES;
				CLANG_WARN_DIRECT_OBJC_ISA_USAGE = YES_ERROR;
				CLANG_WARN_DOCUMENTATION_COMMENTS = YES;
				CLANG_WARN_EMPTY_BODY = YES;
				CLANG_WARN_ENUM_CONVERSION = YES;
				CLANG_WARN_INFINITE_RECURSION = YES;
				CLANG_WARN_INT_CONVERSION = YES;
				CLANG_WARN_NON_LITERAL_NULL_CONVERSION = YES;
				CLANG_WARN_OBJC_IMPLICIT_RETAIN_SELF = YES;
				CLANG_WARN_OBJC_LITERAL_CONVERSION = YES;
				CLANG_WARN_OBJC_ROOT_CLASS = YES_ERROR;
				CLANG_WARN_QUOTED_INCLUDE_IN_FRAMEWORK_HEADER = YES;
				CLANG_WARN_RANGE_LOOP_ANALYSIS = YES;
				CLANG_WARN_STRICT_PROTOTYPES = YES;
				CLANG_WARN_SUSPICIOUS_MOVE = YES;
				CLANG_WARN_UNGUARDED_AVAILABILITY = YES_AGGRESSIVE;
				CLANG_WARN_UNREACHABLE_CODE = YES;
				CLANG_WARN__DUPLICATE_METHOD_MATCH = YES;
				COPY_PHASE_STRIP = NO;
				DEBUG_INFORMATION_FORMAT = "dwarf-with-dsym";
				ENABLE_NS_ASSERTIONS = NO;
				ENABLE_STRICT_OBJC_MSGSEND = YES;
				ENABLE_USER_SCRIPT_SANDBOXING = YES;
				GCC_C_LANGUAGE_STANDARD = gnu17;
				GCC_NO_COMMON_BLOCKS = YES;
				GCC_WARN_64_TO_32_BIT_CONVERSION = YES;
				GCC_WARN_ABOUT_RETURN_TYPE = YES_ERROR;
				GCC_WARN_UNDECLARED_SELECTOR = YES;
				GCC_WARN_UNINITIALIZED_AUTOS = YES_AGGRESSIVE;
				GCC_WARN_UNUSED_FUNCTION = YES;
				GCC_WARN_UNUSED_VARIABLE = YES;
				IPHONEOS_DEPLOYMENT_TARGET = 17.4;
				LOCALIZATION_PREFERS_STRING_CATALOGS = YES;
				MTL_ENABLE_DEBUG_INFO = NO;
				MTL_FAST_MATH = YES;
				SDKROOT = iphoneos;
				SWIFT_COMPILATION_MODE = wholemodule;
				VALIDATE_PRODUCT = YES;
			};
			name = Release;
		};
		AF58C3162BD7A36D00B8EC2E /* Debug */ = {
			isa = XCBuildConfiguration;
			buildSettings = {
				ASSETCATALOG_COMPILER_APPICON_NAME = AppIcon;
				ASSETCATALOG_COMPILER_GLOBAL_ACCENT_COLOR_NAME = AccentColor;
				CODE_SIGN_STYLE = Automatic;
				CURRENT_PROJECT_VERSION = 1;
				GENERATE_INFOPLIST_FILE = YES;
				INFOPLIST_FILE = TicTacToe/Info.plist;
				INFOPLIST_KEY_UIApplicationSupportsIndirectInputEvents = YES;
				INFOPLIST_KEY_UILaunchStoryboardName = LaunchScreen;
				INFOPLIST_KEY_UIMainStoryboardFile = Main;
				INFOPLIST_KEY_UISupportedInterfaceOrientations_iPad = "UIInterfaceOrientationPortrait UIInterfaceOrientationPortraitUpsideDown UIInterfaceOrientationLandscapeLeft UIInterfaceOrientationLandscapeRight";
				INFOPLIST_KEY_UISupportedInterfaceOrientations_iPhone = "UIInterfaceOrientationPortrait UIInterfaceOrientationLandscapeLeft UIInterfaceOrientationLandscapeRight";
				LD_RUNPATH_SEARCH_PATHS = (
					"$(inherited)",
					"@executable_path/Frameworks",
				);
				MARKETING_VERSION = 1.0;
				PRODUCT_BUNDLE_IDENTIFIER = saitm.TicTacToe;
				PRODUCT_NAME = "$(TARGET_NAME)";
				SWIFT_EMIT_LOC_STRINGS = YES;
				SWIFT_VERSION = 5.0;
				TARGETED_DEVICE_FAMILY = "1,2";
			};
			name = Debug;
		};
		AF58C3172BD7A36D00B8EC2E /* Release */ = {
			isa = XCBuildConfiguration;
			buildSettings = {
				ASSETCATALOG_COMPILER_APPICON_NAME = AppIcon;
				ASSETCATALOG_COMPILER_GLOBAL_ACCENT_COLOR_NAME = AccentColor;
				CODE_SIGN_STYLE = Automatic;
				CURRENT_PROJECT_VERSION = 1;
				GENERATE_INFOPLIST_FILE = YES;
				INFOPLIST_FILE = TicTacToe/Info.plist;
				INFOPLIST_KEY_UIApplicationSupportsIndirectInputEvents = YES;
				INFOPLIST_KEY_UILaunchStoryboardName = LaunchScreen;
				INFOPLIST_KEY_UIMainStoryboardFile = Main;
				INFOPLIST_KEY_UISupportedInterfaceOrientations_iPad = "UIInterfaceOrientationPortrait UIInterfaceOrientationPortraitUpsideDown UIInterfaceOrientationLandscapeLeft UIInterfaceOrientationLandscapeRight";
				INFOPLIST_KEY_UISupportedInterfaceOrientations_iPhone = "UIInterfaceOrientationPortrait UIInterfaceOrientationLandscapeLeft UIInterfaceOrientationLandscapeRight";
				LD_RUNPATH_SEARCH_PATHS = (
					"$(inherited)",
					"@executable_path/Frameworks",
				);
				MARKETING_VERSION = 1.0;
				PRODUCT_BUNDLE_IDENTIFIER = saitm.TicTacToe;
				PRODUCT_NAME = "$(TARGET_NAME)";
				SWIFT_EMIT_LOC_STRINGS = YES;
				SWIFT_VERSION = 5.0;
				TARGETED_DEVICE_FAMILY = "1,2";
			};
			name = Release;
		};
		AF58C3192BD7A36D00B8EC2E /* Debug */ = {
			isa = XCBuildConfiguration;
			buildSettings = {
				ALWAYS_EMBED_SWIFT_STANDARD_LIBRARIES = YES;
				BUNDLE_LOADER = "$(TEST_HOST)";
				CODE_SIGN_STYLE = Automatic;
				CURRENT_PROJECT_VERSION = 1;
				GENERATE_INFOPLIST_FILE = YES;
				IPHONEOS_DEPLOYMENT_TARGET = 17.4;
				MARKETING_VERSION = 1.0;
				PRODUCT_BUNDLE_IDENTIFIER = saitm.TicTacToeTests;
				PRODUCT_NAME = "$(TARGET_NAME)";
				SWIFT_EMIT_LOC_STRINGS = NO;
				SWIFT_VERSION = 5.0;
				TARGETED_DEVICE_FAMILY = "1,2";
				TEST_HOST = "$(BUILT_PRODUCTS_DIR)/TicTacToe.app/$(BUNDLE_EXECUTABLE_FOLDER_PATH)/TicTacToe";
			};
			name = Debug;
		};
		AF58C31A2BD7A36D00B8EC2E /* Release */ = {
			isa = XCBuildConfiguration;
			buildSettings = {
				ALWAYS_EMBED_SWIFT_STANDARD_LIBRARIES = YES;
				BUNDLE_LOADER = "$(TEST_HOST)";
				CODE_SIGN_STYLE = Automatic;
				CURRENT_PROJECT_VERSION = 1;
				GENERATE_INFOPLIST_FILE = YES;
				IPHONEOS_DEPLOYMENT_TARGET = 17.4;
				MARKETING_VERSION = 1.0;
				PRODUCT_BUNDLE_IDENTIFIER = saitm.TicTacToeTests;
				PRODUCT_NAME = "$(TARGET_NAME)";
				SWIFT_EMIT_LOC_STRINGS = NO;
				SWIFT_VERSION = 5.0;
				TARGETED_DEVICE_FAMILY = "1,2";
				TEST_HOST = "$(BUILT_PRODUCTS_DIR)/TicTacToe.app/$(BUNDLE_EXECUTABLE_FOLDER_PATH)/TicTacToe";
			};
			name = Release;
		};
		AF58C31C2BD7A36D00B8EC2E /* Debug */ = {
			isa = XCBuildConfiguration;
			buildSettings = {
				ALWAYS_EMBED_SWIFT_STANDARD_LIBRARIES = YES;
				CODE_SIGN_STYLE = Automatic;
				CURRENT_PROJECT_VERSION = 1;
				GENERATE_INFOPLIST_FILE = YES;
				MARKETING_VERSION = 1.0;
				PRODUCT_BUNDLE_IDENTIFIER = saitm.TicTacToeUITests;
				PRODUCT_NAME = "$(TARGET_NAME)";
				SWIFT_EMIT_LOC_STRINGS = NO;
				SWIFT_VERSION = 5.0;
				TARGETED_DEVICE_FAMILY = "1,2";
				TEST_TARGET_NAME = TicTacToe;
			};
			name = Debug;
		};
		AF58C31D2BD7A36D00B8EC2E /* Release */ = {
			isa = XCBuildConfiguration;
			buildSettings = {
				ALWAYS_EMBED_SWIFT_STANDARD_LIBRARIES = YES;
				CODE_SIGN_STYLE = Automatic;
				CURRENT_PROJECT_VERSION = 1;
				GENERATE_INFOPLIST_FILE = YES;
				MARKETING_VERSION = 1.0;
				PRODUCT_BUNDLE_IDENTIFIER = saitm.TicTacToeUITests;
				PRODUCT_NAME = "$(TARGET_NAME)";
				SWIFT_EMIT_LOC_STRINGS = NO;
				SWIFT_VERSION = 5.0;
				TARGETED_DEVICE_FAMILY = "1,2";
				TEST_TARGET_NAME = TicTacToe;
			};
			name = Release;
		};
/* End XCBuildConfiguration section */

/* Begin XCConfigurationList section */
		AF58C2E62BD7A36B00B8EC2E /* Build configuration list for PBXProject "TicTacToe" */ = {
			isa = XCConfigurationList;
			buildConfigurations = (
				AF58C3132BD7A36D00B8EC2E /* Debug */,
				AF58C3142BD7A36D00B8EC2E /* Release */,
			);
			defaultConfigurationIsVisible = 0;
			defaultConfigurationName = Release;
		};
		AF58C3152BD7A36D00B8EC2E /* Build configuration list for PBXNativeTarget "TicTacToe" */ = {
			isa = XCConfigurationList;
			buildConfigurations = (
				AF58C3162BD7A36D00B8EC2E /* Debug */,
				AF58C3172BD7A36D00B8EC2E /* Release */,
			);
			defaultConfigurationIsVisible = 0;
			defaultConfigurationName = Release;
		};
		AF58C3182BD7A36D00B8EC2E /* Build configuration list for PBXNativeTarget "TicTacToeTests" */ = {
			isa = XCConfigurationList;
			buildConfigurations = (
				AF58C3192BD7A36D00B8EC2E /* Debug */,
				AF58C31A2BD7A36D00B8EC2E /* Release */,
			);
			defaultConfigurationIsVisible = 0;
			defaultConfigurationName = Release;
		};
		AF58C31B2BD7A36D00B8EC2E /* Build configuration list for PBXNativeTarget "TicTacToeUITests" */ = {
			isa = XCConfigurationList;
			buildConfigurations = (
				AF58C31C2BD7A36D00B8EC2E /* Debug */,
				AF58C31D2BD7A36D00B8EC2E /* Release */,
			);
			defaultConfigurationIsVisible = 0;
			defaultConfigurationName = Release;
		};
/* End XCConfigurationList section */
	};
	rootObject = AF58C2E32BD7A36B00B8EC2E /* Project object */;
}
